// !$*UTF8*$!
{
	archiveVersion = 1;
	classes = {
	};
	objectVersion = 50;
	objects = {

/* Begin PBXBuildFile section */
		A33C47B423D48DC800A6592A /* PendentViewController.swift in Sources */ = {isa = PBXBuildFile; fileRef = A33C47B323D48DC800A6592A /* PendentViewController.swift */; };
		A351341C238CA7F9004F87A4 /* User.swift in Sources */ = {isa = PBXBuildFile; fileRef = A351341B238CA7F9004F87A4 /* User.swift */; };
		A351341E238CA948004F87A4 /* Document.swift in Sources */ = {isa = PBXBuildFile; fileRef = A351341D238CA948004F87A4 /* Document.swift */; };
		A3513420238CA964004F87A4 /* Revision.swift in Sources */ = {isa = PBXBuildFile; fileRef = A351341F238CA964004F87A4 /* Revision.swift */; };
		A39E380023895BB500B5EC2B /* AppDelegate.swift in Sources */ = {isa = PBXBuildFile; fileRef = A39E37FF23895BB500B5EC2B /* AppDelegate.swift */; };
		A39E380223895BB500B5EC2B /* SceneDelegate.swift in Sources */ = {isa = PBXBuildFile; fileRef = A39E380123895BB500B5EC2B /* SceneDelegate.swift */; };
		A39E380423895BB500B5EC2B /* ViewController.swift in Sources */ = {isa = PBXBuildFile; fileRef = A39E380323895BB500B5EC2B /* ViewController.swift */; };
		A39E380723895BB500B5EC2B /* Main.storyboard in Resources */ = {isa = PBXBuildFile; fileRef = A39E380523895BB500B5EC2B /* Main.storyboard */; };
		A39E380923895BBA00B5EC2B /* Assets.xcassets in Resources */ = {isa = PBXBuildFile; fileRef = A39E380823895BBA00B5EC2B /* Assets.xcassets */; };
		A39E380C23895BBA00B5EC2B /* LaunchScreen.storyboard in Resources */ = {isa = PBXBuildFile; fileRef = A39E380A23895BBA00B5EC2B /* LaunchScreen.storyboard */; };
		A3C039A823D478E70020FF37 /* DocsViewController.swift in Sources */ = {isa = PBXBuildFile; fileRef = A3C039A723D478E70020FF37 /* DocsViewController.swift */; };
		A3C039AA23D480E80020FF37 /* DocCell.swift in Sources */ = {isa = PBXBuildFile; fileRef = A3C039A923D480E80020FF37 /* DocCell.swift */; };
		A3C039AC23D481640020FF37 /* PendentCell.swift in Sources */ = {isa = PBXBuildFile; fileRef = A3C039AB23D481640020FF37 /* PendentCell.swift */; };
		A3C039AE23D4837F0020FF37 /* DetailViewController.swift in Sources */ = {isa = PBXBuildFile; fileRef = A3C039AD23D4837F0020FF37 /* DetailViewController.swift */; };
/* End PBXBuildFile section */

/* Begin PBXFileReference section */
		A33C47B323D48DC800A6592A /* PendentViewController.swift */ = {isa = PBXFileReference; lastKnownFileType = sourcecode.swift; path = PendentViewController.swift; sourceTree = "<group>"; };
		A351341B238CA7F9004F87A4 /* User.swift */ = {isa = PBXFileReference; lastKnownFileType = sourcecode.swift; path = User.swift; sourceTree = "<group>"; };
		A351341D238CA948004F87A4 /* Document.swift */ = {isa = PBXFileReference; lastKnownFileType = sourcecode.swift; path = Document.swift; sourceTree = "<group>"; };
		A351341F238CA964004F87A4 /* Revision.swift */ = {isa = PBXFileReference; lastKnownFileType = sourcecode.swift; path = Revision.swift; sourceTree = "<group>"; };
		A39E37FC23895BB500B5EC2B /* DocsRevision.app */ = {isa = PBXFileReference; explicitFileType = wrapper.application; includeInIndex = 0; path = DocsRevision.app; sourceTree = BUILT_PRODUCTS_DIR; };
		A39E37FF23895BB500B5EC2B /* AppDelegate.swift */ = {isa = PBXFileReference; lastKnownFileType = sourcecode.swift; path = AppDelegate.swift; sourceTree = "<group>"; };
		A39E380123895BB500B5EC2B /* SceneDelegate.swift */ = {isa = PBXFileReference; lastKnownFileType = sourcecode.swift; path = SceneDelegate.swift; sourceTree = "<group>"; };
		A39E380323895BB500B5EC2B /* ViewController.swift */ = {isa = PBXFileReference; lastKnownFileType = sourcecode.swift; path = ViewController.swift; sourceTree = "<group>"; };
		A39E380623895BB500B5EC2B /* Base */ = {isa = PBXFileReference; lastKnownFileType = file.storyboard; name = Base; path = Base.lproj/Main.storyboard; sourceTree = "<group>"; };
		A39E380823895BBA00B5EC2B /* Assets.xcassets */ = {isa = PBXFileReference; lastKnownFileType = folder.assetcatalog; path = Assets.xcassets; sourceTree = "<group>"; };
		A39E380B23895BBA00B5EC2B /* Base */ = {isa = PBXFileReference; lastKnownFileType = file.storyboard; name = Base; path = Base.lproj/LaunchScreen.storyboard; sourceTree = "<group>"; };
		A39E380D23895BBA00B5EC2B /* Info.plist */ = {isa = PBXFileReference; lastKnownFileType = text.plist.xml; path = Info.plist; sourceTree = "<group>"; };
		A3C039A723D478E70020FF37 /* DocsViewController.swift */ = {isa = PBXFileReference; lastKnownFileType = sourcecode.swift; path = DocsViewController.swift; sourceTree = "<group>"; };
		A3C039A923D480E80020FF37 /* DocCell.swift */ = {isa = PBXFileReference; lastKnownFileType = sourcecode.swift; path = DocCell.swift; sourceTree = "<group>"; };
		A3C039AB23D481640020FF37 /* PendentCell.swift */ = {isa = PBXFileReference; lastKnownFileType = sourcecode.swift; path = PendentCell.swift; sourceTree = "<group>"; };
		A3C039AD23D4837F0020FF37 /* DetailViewController.swift */ = {isa = PBXFileReference; lastKnownFileType = sourcecode.swift; path = DetailViewController.swift; sourceTree = "<group>"; };
/* End PBXFileReference section */

/* Begin PBXFrameworksBuildPhase section */
		A39E37F923895BB500B5EC2B /* Frameworks */ = {
			isa = PBXFrameworksBuildPhase;
			buildActionMask = 2147483647;
			files = (
			);
			runOnlyForDeploymentPostprocessing = 0;
		};
/* End PBXFrameworksBuildPhase section */

/* Begin PBXGroup section */
		A351341A238CA7CE004F87A4 /* Entities */ = {
			isa = PBXGroup;
			children = (
				A351341B238CA7F9004F87A4 /* User.swift */,
				A351341D238CA948004F87A4 /* Document.swift */,
				A351341F238CA964004F87A4 /* Revision.swift */,
			);
			path = Entities;
			sourceTree = "<group>";
		};
		A39E37F323895BB500B5EC2B = {
			isa = PBXGroup;
			children = (
				A39E37FE23895BB500B5EC2B /* DocsRevision */,
				A39E37FD23895BB500B5EC2B /* Products */,
			);
			sourceTree = "<group>";
		};
		A39E37FD23895BB500B5EC2B /* Products */ = {
			isa = PBXGroup;
			children = (
				A39E37FC23895BB500B5EC2B /* DocsRevision.app */,
			);
			name = Products;
			sourceTree = "<group>";
		};
		A39E37FE23895BB500B5EC2B /* DocsRevision */ = {
			isa = PBXGroup;
			children = (
				A351341A238CA7CE004F87A4 /* Entities */,
				A39E37FF23895BB500B5EC2B /* AppDelegate.swift */,
				A39E380123895BB500B5EC2B /* SceneDelegate.swift */,
				A39E380323895BB500B5EC2B /* ViewController.swift */,
				A39E380523895BB500B5EC2B /* Main.storyboard */,
				A39E380823895BBA00B5EC2B /* Assets.xcassets */,
				A39E380A23895BBA00B5EC2B /* LaunchScreen.storyboard */,
				A39E380D23895BBA00B5EC2B /* Info.plist */,
				A3C039A723D478E70020FF37 /* DocsViewController.swift */,
				A3C039A923D480E80020FF37 /* DocCell.swift */,
				A3C039AB23D481640020FF37 /* PendentCell.swift */,
				A3C039AD23D4837F0020FF37 /* DetailViewController.swift */,
				A33C47B323D48DC800A6592A /* PendentViewController.swift */,
			);
			path = DocsRevision;
			sourceTree = "<group>";
		};
/* End PBXGroup section */

/* Begin PBXNativeTarget section */
		A39E37FB23895BB500B5EC2B /* DocsRevision */ = {
			isa = PBXNativeTarget;
			buildConfigurationList = A39E381023895BBA00B5EC2B /* Build configuration list for PBXNativeTarget "DocsRevision" */;
			buildPhases = (
				A39E37F823895BB500B5EC2B /* Sources */,
				A39E37F923895BB500B5EC2B /* Frameworks */,
				A39E37FA23895BB500B5EC2B /* Resources */,
			);
			buildRules = (
			);
			dependencies = (
			);
			name = DocsRevision;
			productName = DocsRevision;
			productReference = A39E37FC23895BB500B5EC2B /* DocsRevision.app */;
			productType = "com.apple.product-type.application";
		};
/* End PBXNativeTarget section */

/* Begin PBXProject section */
		A39E37F423895BB500B5EC2B /* Project object */ = {
			isa = PBXProject;
			attributes = {
				LastSwiftUpdateCheck = 1120;
				LastUpgradeCheck = 1120;
				ORGANIZATIONNAME = Eduardo;
				TargetAttributes = {
					A39E37FB23895BB500B5EC2B = {
						CreatedOnToolsVersion = 11.2;
					};
				};
			};
			buildConfigurationList = A39E37F723895BB500B5EC2B /* Build configuration list for PBXProject "DocsRevision" */;
			compatibilityVersion = "Xcode 9.3";
			developmentRegion = en;
			hasScannedForEncodings = 0;
			knownRegions = (
				en,
				Base,
			);
			mainGroup = A39E37F323895BB500B5EC2B;
			productRefGroup = A39E37FD23895BB500B5EC2B /* Products */;
			projectDirPath = "";
			projectRoot = "";
			targets = (
				A39E37FB23895BB500B5EC2B /* DocsRevision */,
			);
		};
/* End PBXProject section */

/* Begin PBXResourcesBuildPhase section */
		A39E37FA23895BB500B5EC2B /* Resources */ = {
			isa = PBXResourcesBuildPhase;
			buildActionMask = 2147483647;
			files = (
				A39E380C23895BBA00B5EC2B /* LaunchScreen.storyboard in Resources */,
				A39E380923895BBA00B5EC2B /* Assets.xcassets in Resources */,
				A39E380723895BB500B5EC2B /* Main.storyboard in Resources */,
			);
			runOnlyForDeploymentPostprocessing = 0;
		};
/* End PBXResourcesBuildPhase section */

/* Begin PBXSourcesBuildPhase section */
		A39E37F823895BB500B5EC2B /* Sources */ = {
			isa = PBXSourcesBuildPhase;
			buildActionMask = 2147483647;
			files = (
				A351341C238CA7F9004F87A4 /* User.swift in Sources */,
				A39E380423895BB500B5EC2B /* ViewController.swift in Sources */,
				A3C039AC23D481640020FF37 /* PendentCell.swift in Sources */,
				A3C039A823D478E70020FF37 /* DocsViewController.swift in Sources */,
				A3513420238CA964004F87A4 /* Revision.swift in Sources */,
				A33C47B423D48DC800A6592A /* PendentViewController.swift in Sources */,
				A39E380023895BB500B5EC2B /* AppDelegate.swift in Sources */,
				A39E380223895BB500B5EC2B /* SceneDelegate.swift in Sources */,
				A3C039AE23D4837F0020FF37 /* DetailViewController.swift in Sources */,
				A3C039AA23D480E80020FF37 /* DocCell.swift in Sources */,
				A351341E238CA948004F87A4 /* Document.swift in Sources */,
			);
			runOnlyForDeploymentPostprocessing = 0;
		};
/* End PBXSourcesBuildPhase section */

/* Begin PBXVariantGroup section */
		A39E380523895BB500B5EC2B /* Main.storyboard */ = {
			isa = PBXVariantGroup;
			children = (
				A39E380623895BB500B5EC2B /* Base */,
			);
			name = Main.storyboard;
			sourceTree = "<group>";
		};
		A39E380A23895BBA00B5EC2B /* LaunchScreen.storyboard */ = {
			isa = PBXVariantGroup;
			children = (
				A39E380B23895BBA00B5EC2B /* Base */,
			);
			name = LaunchScreen.storyboard;
			sourceTree = "<group>";
		};
/* End PBXVariantGroup section */

/* Begin XCBuildConfiguration section */
		A39E380E23895BBA00B5EC2B /* Debug */ = {
			isa = XCBuildConfiguration;
			buildSettings = {
				ALWAYS_SEARCH_USER_PATHS = NO;
				CLANG_ANALYZER_NONNULL = YES;
				CLANG_ANALYZER_NUMBER_OBJECT_CONVERSION = YES_AGGRESSIVE;
				CLANG_CXX_LANGUAGE_STANDARD = "gnu++14";
				CLANG_CXX_LIBRARY = "libc++";
				CLANG_ENABLE_MODULES = YES;
				CLANG_ENABLE_OBJC_ARC = YES;
				CLANG_ENABLE_OBJC_WEAK = YES;
				CLANG_WARN_BLOCK_CAPTURE_AUTORELEASING = YES;
				CLANG_WARN_BOOL_CONVERSION = YES;
				CLANG_WARN_COMMA = YES;
				CLANG_WARN_CONSTANT_CONVERSION = YES;
				CLANG_WARN_DEPRECATED_OBJC_IMPLEMENTATIONS = YES;
				CLANG_WARN_DIRECT_OBJC_ISA_USAGE = YES_ERROR;
				CLANG_WARN_DOCUMENTATION_COMMENTS = YES;
				CLANG_WARN_EMPTY_BODY = YES;
				CLANG_WARN_ENUM_CONVERSION = YES;
				CLANG_WARN_INFINITE_RECURSION = YES;
				CLANG_WARN_INT_CONVERSION = YES;
				CLANG_WARN_NON_LITERAL_NULL_CONVERSION = YES;
				CLANG_WARN_OBJC_IMPLICIT_RETAIN_SELF = YES;
				CLANG_WARN_OBJC_LITERAL_CONVERSION = YES;
				CLANG_WARN_OBJC_ROOT_CLASS = YES_ERROR;
				CLANG_WARN_RANGE_LOOP_ANALYSIS = YES;
				CLANG_WARN_STRICT_PROTOTYPES = YES;
				CLANG_WARN_SUSPICIOUS_MOVE = YES;
				CLANG_WARN_UNGUARDED_AVAILABILITY = YES_AGGRESSIVE;
				CLANG_WARN_UNREACHABLE_CODE = YES;
				CLANG_WARN__DUPLICATE_METHOD_MATCH = YES;
				COPY_PHASE_STRIP = NO;
				DEBUG_INFORMATION_FORMAT = dwarf;
				ENABLE_STRICT_OBJC_MSGSEND = YES;
				ENABLE_TESTABILITY = YES;
				GCC_C_LANGUAGE_STANDARD = gnu11;
				GCC_DYNAMIC_NO_PIC = NO;
				GCC_NO_COMMON_BLOCKS = YES;
				GCC_OPTIMIZATION_LEVEL = 0;
				GCC_PREPROCESSOR_DEFINITIONS = (
					"DEBUG=1",
					"$(inherited)",
				);
				GCC_WARN_64_TO_32_BIT_CONVERSION = YES;
				GCC_WARN_ABOUT_RETURN_TYPE = YES_ERROR;
				GCC_WARN_UNDECLARED_SELECTOR = YES;
				GCC_WARN_UNINITIALIZED_AUTOS = YES_AGGRESSIVE;
				GCC_WARN_UNUSED_FUNCTION = YES;
				GCC_WARN_UNUSED_VARIABLE = YES;
				IPHONEOS_DEPLOYMENT_TARGET = 13.2;
				MTL_ENABLE_DEBUG_INFO = INCLUDE_SOURCE;
				MTL_FAST_MATH = YES;
				ONLY_ACTIVE_ARCH = YES;
				SDKROOT = iphoneos;
				SWIFT_ACTIVE_COMPILATION_CONDITIONS = DEBUG;
				SWIFT_OPTIMIZATION_LEVEL = "-Onone";
			};
			name = Debug;
		};
		A39E380F23895BBA00B5EC2B /* Release */ = {
			isa = XCBuildConfiguration;
			buildSettings = {
				ALWAYS_SEARCH_USER_PATHS = NO;
				CLANG_ANALYZER_NONNULL = YES;
				CLANG_ANALYZER_NUMBER_OBJECT_CONVERSION = YES_AGGRESSIVE;
				CLANG_CXX_LANGUAGE_STANDARD = "gnu++14";
				CLANG_CXX_LIBRARY = "libc++";
				CLANG_ENABLE_MODULES = YES;
				CLANG_ENABLE_OBJC_ARC = YES;
				CLANG_ENABLE_OBJC_WEAK = YES;
				CLANG_WARN_BLOCK_CAPTURE_AUTORELEASING = YES;
				CLANG_WARN_BOOL_CONVERSION = YES;
				CLANG_WARN_COMMA = YES;
				CLANG_WARN_CONSTANT_CONVERSION = YES;
				CLANG_WARN_DEPRECATED_OBJC_IMPLEMENTATIONS = YES;
				CLANG_WARN_DIRECT_OBJC_ISA_USAGE = YES_ERROR;
				CLANG_WARN_DOCUMENTATION_COMMENTS = YES;
				CLANG_WARN_EMPTY_BODY = YES;
				CLANG_WARN_ENUM_CONVERSION = YES;
				CLANG_WARN_INFINITE_RECURSION = YES;
				CLANG_WARN_INT_CONVERSION = YES;
				CLANG_WARN_NON_LITERAL_NULL_CONVERSION = YES;
				CLANG_WARN_OBJC_IMPLICIT_RETAIN_SELF = YES;
				CLANG_WARN_OBJC_LITERAL_CONVERSION = YES;
				CLANG_WARN_OBJC_ROOT_CLASS = YES_ERROR;
				CLANG_WARN_RANGE_LOOP_ANALYSIS = YES;
				CLANG_WARN_STRICT_PROTOTYPES = YES;
				CLANG_WARN_SUSPICIOUS_MOVE = YES;
				CLANG_WARN_UNGUARDED_AVAILABILITY = YES_AGGRESSIVE;
				CLANG_WARN_UNREACHABLE_CODE = YES;
				CLANG_WARN__DUPLICATE_METHOD_MATCH = YES;
				COPY_PHASE_STRIP = NO;
				DEBUG_INFORMATION_FORMAT = "dwarf-with-dsym";
				ENABLE_NS_ASSERTIONS = NO;
				ENABLE_STRICT_OBJC_MSGSEND = YES;
				GCC_C_LANGUAGE_STANDARD = gnu11;
				GCC_NO_COMMON_BLOCKS = YES;
				GCC_WARN_64_TO_32_BIT_CONVERSION = YES;
				GCC_WARN_ABOUT_RETURN_TYPE = YES_ERROR;
				GCC_WARN_UNDECLARED_SELECTOR = YES;
				GCC_WARN_UNINITIALIZED_AUTOS = YES_AGGRESSIVE;
				GCC_WARN_UNUSED_FUNCTION = YES;
				GCC_WARN_UNUSED_VARIABLE = YES;
				IPHONEOS_DEPLOYMENT_TARGET = 13.2;
				MTL_ENABLE_DEBUG_INFO = NO;
				MTL_FAST_MATH = YES;
				SDKROOT = iphoneos;
				SWIFT_COMPILATION_MODE = wholemodule;
				SWIFT_OPTIMIZATION_LEVEL = "-O";
				VALIDATE_PRODUCT = YES;
			};
			name = Release;
		};
		A39E381123895BBA00B5EC2B /* Debug */ = {
			isa = XCBuildConfiguration;
			buildSettings = {
				ASSETCATALOG_COMPILER_APPICON_NAME = AppIcon;
				CODE_SIGN_STYLE = Automatic;
				INFOPLIST_FILE = DocsRevision/Info.plist;
				LD_RUNPATH_SEARCH_PATHS = (
					"$(inherited)",
					"@executable_path/Frameworks",
				);
				PRODUCT_BUNDLE_IDENTIFIER = eduardo.DocsRevision;
				PRODUCT_NAME = "$(TARGET_NAME)";
				SWIFT_VERSION = 5.0;
				TARGETED_DEVICE_FAMILY = "1,2";
			};
			name = Debug;
		};
		A39E381223895BBA00B5EC2B /* Release */ = {
			isa = XCBuildConfiguration;
			buildSettings = {
				ASSETCATALOG_COMPILER_APPICON_NAME = AppIcon;
				CODE_SIGN_STYLE = Automatic;
				INFOPLIST_FILE = DocsRevision/Info.plist;
				LD_RUNPATH_SEARCH_PATHS = (
					"$(inherited)",
					"@executable_path/Frameworks",
				);
				PRODUCT_BUNDLE_IDENTIFIER = eduardo.DocsRevision;
				PRODUCT_NAME = "$(TARGET_NAME)";
				SWIFT_VERSION = 5.0;
				TARGETED_DEVICE_FAMILY = "1,2";
			};
			name = Release;
		};
/* End XCBuildConfiguration section */

/* Begin XCConfigurationList section */
		A39E37F723895BB500B5EC2B /* Build configuration list for PBXProject "DocsRevision" */ = {
			isa = XCConfigurationList;
			buildConfigurations = (
				A39E380E23895BBA00B5EC2B /* Debug */,
				A39E380F23895BBA00B5EC2B /* Release */,
			);
			defaultConfigurationIsVisible = 0;
			defaultConfigurationName = Release;
		};
		A39E381023895BBA00B5EC2B /* Build configuration list for PBXNativeTarget "DocsRevision" */ = {
			isa = XCConfigurationList;
			buildConfigurations = (
				A39E381123895BBA00B5EC2B /* Debug */,
				A39E381223895BBA00B5EC2B /* Release */,
			);
			defaultConfigurationIsVisible = 0;
			defaultConfigurationName = Release;
		};
/* End XCConfigurationList section */
	};
	rootObject = A39E37F423895BB500B5EC2B /* Project object */;
}
